
Microsoft Visual Studio Solution File, Format Version 12.00
# Visual Studio Version 16
VisualStudioVersion = 16.0.32901.82
MinimumVisualStudioVersion = 10.0.40219.1
Project("{FAE04EC0-301F-11D3-BF4B-00C04F79EFBC}") = "pruebaTriidy", "pruebaTriidy\pruebaTriidy.csproj", "{D750F255-199F-4192-8D9B-B4C5990D3FAB}"
EndProject
Project("{FAE04EC0-301F-11D3-BF4B-00C04F79EFBC}") = "Data", "Data\Data.csproj", "{99D29ACB-1864-4466-99B6-53FE1CF72CD8}"
EndProject
Project("{FAE04EC0-301F-11D3-BF4B-00C04F79EFBC}") = "Entities", "Entities\Entities.csproj", "{F0A7CD59-A4E7-4028-B69D-71665938E6D8}"
EndProject
Project("{FAE04EC0-301F-11D3-BF4B-00C04F79EFBC}") = "EntitiesDto", "EntitiesDto\EntitiesDto.csproj", "{8D8770A3-AE39-436F-8849-D6C6344BFB36}"
EndProject
Global
	GlobalSection(SolutionConfigurationPlatforms) = preSolution
		Debug|Any CPU = Debug|Any CPU
		Release|Any CPU = Release|Any CPU
	EndGlobalSection
	GlobalSection(ProjectConfigurationPlatforms) = postSolution
		{D750F255-199F-4192-8D9B-B4C5990D3FAB}.Debug|Any CPU.ActiveCfg = Debug|Any CPU
		{D750F255-199F-4192-8D9B-B4C5990D3FAB}.Debug|Any CPU.Build.0 = Debug|Any CPU
		{D750F255-199F-4192-8D9B-B4C5990D3FAB}.Release|Any CPU.ActiveCfg = Release|Any CPU
		{D750F255-199F-4192-8D9B-B4C5990D3FAB}.Release|Any CPU.Build.0 = Release|Any CPU
		{99D29ACB-1864-4466-99B6-53FE1CF72CD8}.Debug|Any CPU.ActiveCfg = Debug|Any CPU
		{99D29ACB-1864-4466-99B6-53FE1CF72CD8}.Debug|Any CPU.Build.0 = Debug|Any CPU
		{99D29ACB-1864-4466-99B6-53FE1CF72CD8}.Release|Any CPU.ActiveCfg = Release|Any CPU
		{99D29ACB-1864-4466-99B6-53FE1CF72CD8}.Release|Any CPU.Build.0 = Release|Any CPU
		{F0A7CD59-A4E7-4028-B69D-71665938E6D8}.Debug|Any CPU.ActiveCfg = Debug|Any CPU
		{F0A7CD59-A4E7-4028-B69D-71665938E6D8}.Debug|Any CPU.Build.0 = Debug|Any CPU
		{F0A7CD59-A4E7-4028-B69D-71665938E6D8}.Release|Any CPU.ActiveCfg = Release|Any CPU
		{F0A7CD59-A4E7-4028-B69D-71665938E6D8}.Release|Any CPU.Build.0 = Release|Any CPU
		{8D8770A3-AE39-436F-8849-D6C6344BFB36}.Debug|Any CPU.ActiveCfg = Debug|Any CPU
		{8D8770A3-AE39-436F-8849-D6C6344BFB36}.Debug|Any CPU.Build.0 = Debug|Any CPU
		{8D8770A3-AE39-436F-8849-D6C6344BFB36}.Release|Any CPU.ActiveCfg = Release|Any CPU
		{8D8770A3-AE39-436F-8849-D6C6344BFB36}.Release|Any CPU.Build.0 = Release|Any CPU
	EndGlobalSection
	GlobalSection(SolutionProperties) = preSolution
		HideSolutionNode = FALSE
	EndGlobalSection
	GlobalSection(ExtensibilityGlobals) = postSolution
		SolutionGuid = {297B66C9-C303-43BB-9F70-7AC5E15A304B}
	EndGlobalSection
EndGlobal
